github.com/blackwell-systems/gsm v0.11.0 h1:asYFfn6il08M75KPAk7cnjkGKgHHDKovRqj2tlBkyFw=
github.com/blackwell-systems/gsm v0.11.0/go.mod h1:16Y8Evoyne2mqkkPxrh738bIMnyD3t13mhJAQgNXPeM=
golang.org/x/sync v0.23.0 h1:KameEIfc1IkluZyXWLn39Wd4tURc6GbCiISGiZm2bQk=
golang.org/x/sync v0.23.0/go.mod h1:sUUOizhqBxiL6pEWpqNLUiaJn1ShEbZ6BBqskPbjZm0=
