github.com/blackwell-systems/gsm v0.12.0 h1:rvePUBcKTKN2NJIUX51Nczl+uhx0QjDprNWCNI29mEE=
github.com/blackwell-systems/gsm v0.12.0/go.mod h1:16Y8Evoyne2mqkkPxrh738bIMnyD3t13mhJAQgNXPeM=
github.com/blackwell-systems/gsm v0.13.0 h1:wEiKnT3qLamfWsPRoEweJKdRxA5t8p2pfsTUsarLS4g=
github.com/blackwell-systems/gsm v0.13.0/go.mod h1:16Y8Evoyne2mqkkPxrh738bIMnyD3t13mhJAQgNXPeM=
github.com/blackwell-systems/gsm v0.14.0 h1:Aeb5is+kPN8CmwWZ3Vt6BQdNwTPdNIacucDKFjizMhI=
github.com/blackwell-systems/gsm v0.14.0/go.mod h1:16Y8Evoyne2mqkkPxrh738bIMnyD3t13mhJAQgNXPeM=
golang.org/x/sync v0.23.0 h1:KameEIfc1IkluZyXWLn39Wd4tURc6GbCiISGiZm2bQk=
golang.org/x/sync v0.23.0/go.mod h1:sUUOizhqBxiL6pEWpqNLUiaJn1ShEbZ6BBqskPbjZm0=
golang.org/x/text v0.42.0 h1:JbOZXgfeCPU9gacVtYliJqOhD+zhrEqK4LfdpmlUZqI=
golang.org/x/text v0.42.0/go.mod h1:ojzP1Z+2QtioaF8DTtO8K5q7JWVVYwZKenzujK0Zd0E=
